
Microsoft Visual Studio Solution File, Format Version 12.00
# Visual Studio Version 17
VisualStudioVersion = 17.3.32901.215
MinimumVisualStudioVersion = 10.0.40219.1
Project("{FAE04EC0-301F-11D3-BF4B-00C04F79EFBC}") = "Day4", "Day4\Day4.csproj", "{5EDA2817-A8C7-48E2-8D96-FD4696631287}"
EndProject
Global
	GlobalSection(SolutionConfigurationPlatforms) = preSolution
		Debug|Any CPU = Debug|Any CPU
		Release|Any CPU = Release|Any CPU
	EndGlobalSection
	GlobalSection(ProjectConfigurationPlatforms) = postSolution
		{5EDA2817-A8C7-48E2-8D96-FD4696631287}.Debug|Any CPU.ActiveCfg = Debug|Any CPU
		{5EDA2817-A8C7-48E2-8D96-FD4696631287}.Debug|Any CPU.Build.0 = Debug|Any CPU
		{5EDA2817-A8C7-48E2-8D96-FD4696631287}.Release|Any CPU.ActiveCfg = Release|Any CPU
		{5EDA2817-A8C7-48E2-8D96-FD4696631287}.Release|Any CPU.Build.0 = Release|Any CPU
	EndGlobalSection
	GlobalSection(SolutionProperties) = preSolution
		HideSolutionNode = FALSE
	EndGlobalSection
	GlobalSection(ExtensibilityGlobals) = postSolution
		SolutionGuid = {777ED67D-4248-40AC-B7B5-90611686E43E}
	EndGlobalSection
EndGlobal
